
Microsoft Visual Studio Solution File, Format Version 12.00
# Visual Studio Version 17
VisualStudioVersion = 17.3.32804.467
MinimumVisualStudioVersion = 10.0.40219.1
Project("{778DAE3C-4631-46EA-AA77-85C1314464D9}") = "MauiLibTest", "MauiLibTest.vbproj", "{4F208930-1943-4396-9337-A18FEE6DEE42}"
EndProject
Global
	GlobalSection(SolutionConfigurationPlatforms) = preSolution
		Debug|Any CPU = Debug|Any CPU
		Release|Any CPU = Release|Any CPU
	EndGlobalSection
	GlobalSection(ProjectConfigurationPlatforms) = postSolution
		{4F208930-1943-4396-9337-A18FEE6DEE42}.Debug|Any CPU.ActiveCfg = Debug|Any CPU
		{4F208930-1943-4396-9337-A18FEE6DEE42}.Debug|Any CPU.Build.0 = Debug|Any CPU
		{4F208930-1943-4396-9337-A18FEE6DEE42}.Release|Any CPU.ActiveCfg = Release|Any CPU
		{4F208930-1943-4396-9337-A18FEE6DEE42}.Release|Any CPU.Build.0 = Release|Any CPU
	EndGlobalSection
	GlobalSection(SolutionProperties) = preSolution
		HideSolutionNode = FALSE
	EndGlobalSection
	GlobalSection(ExtensibilityGlobals) = postSolution
		SolutionGuid = {EC0DEF9B-F44E-4EE1-A3E0-3557969FB2CF}
	EndGlobalSection
EndGlobal
